
Microsoft Visual Studio Solution File, Format Version 12.00
# Visual Studio Version 17
VisualStudioVersion = 17.5.33516.290
MinimumVisualStudioVersion = 10.0.40219.1
Project("{FAE04EC0-301F-11D3-BF4B-00C04F79EFBC}") = "RahulDev.Xrm.Plugins", "Plugins\RahulDev.Xrm.Plugins.csproj", "{F7396CF8-F361-4857-9BB4-02C7589D8FB3}"
EndProject
Project("{FAE04EC0-301F-11D3-BF4B-00C04F79EFBC}") = "RahulDev.Xrm.Plugins.Tests", "RahulDev.Xrm.Plugins.Tests\RahulDev.Xrm.Plugins.Tests.csproj", "{84264C8B-9EFC-47CA-9D58-7E04387585B9}"
EndProject
Global
	GlobalSection(SolutionConfigurationPlatforms) = preSolution
		Debug|Any CPU = Debug|Any CPU
		Release|Any CPU = Release|Any CPU
	EndGlobalSection
	GlobalSection(ProjectConfigurationPlatforms) = postSolution
		{F7396CF8-F361-4857-9BB4-02C7589D8FB3}.Debug|Any CPU.ActiveCfg = Debug|Any CPU
		{F7396CF8-F361-4857-9BB4-02C7589D8FB3}.Debug|Any CPU.Build.0 = Debug|Any CPU
		{F7396CF8-F361-4857-9BB4-02C7589D8FB3}.Release|Any CPU.ActiveCfg = Release|Any CPU
		{F7396CF8-F361-4857-9BB4-02C7589D8FB3}.Release|Any CPU.Build.0 = Release|Any CPU
		{84264C8B-9EFC-47CA-9D58-7E04387585B9}.Debug|Any CPU.ActiveCfg = Debug|Any CPU
		{84264C8B-9EFC-47CA-9D58-7E04387585B9}.Debug|Any CPU.Build.0 = Debug|Any CPU
		{84264C8B-9EFC-47CA-9D58-7E04387585B9}.Release|Any CPU.ActiveCfg = Release|Any CPU
		{84264C8B-9EFC-47CA-9D58-7E04387585B9}.Release|Any CPU.Build.0 = Release|Any CPU
	EndGlobalSection
	GlobalSection(SolutionProperties) = preSolution
		HideSolutionNode = FALSE
	EndGlobalSection
	GlobalSection(ExtensibilityGlobals) = postSolution
		SolutionGuid = {69E75392-6706-4C15-A00E-A316CB3F6223}
	EndGlobalSection
EndGlobal
